
Microsoft Visual Studio Solution File, Format Version 12.00
# Visual Studio 14
VisualStudioVersion = 14.0.25123.0
MinimumVisualStudioVersion = 10.0.40219.1
Project("{2150E333-8FDC-42A3-9474-1A3956D46DE8}") = "01_Vladimir", "01_Vladimir", "{2A6A1F2A-6164-4450-B137-5ECD29FDA1A7}"
	ProjectSection(SolutionItems) = preProject
		01_Vladimir\readMe.txt = 01_Vladimir\readMe.txt
	EndProjectSection
EndProject
Project("{2150E333-8FDC-42A3-9474-1A3956D46DE8}") = "02_Igor", "02_Igor", "{1680F505-0533-4DF0-9A62-B617A5D6FAF0}"
	ProjectSection(SolutionItems) = preProject
		02_Igor\readMe.txt = 02_Igor\readMe.txt
	EndProjectSection
EndProject
Project("{2150E333-8FDC-42A3-9474-1A3956D46DE8}") = "03_Oleg", "03_Oleg", "{1E5F935B-DC63-439B-BFE0-A5154DB54DBA}"
	ProjectSection(SolutionItems) = preProject
		03_Oleg\readMe.txt = 03_Oleg\readMe.txt
	EndProjectSection
EndProject
Project("{2150E333-8FDC-42A3-9474-1A3956D46DE8}") = "04_Artem", "04_Artem", "{B52353BC-F389-4825-BADA-5C5D97B1DB72}"
	ProjectSection(SolutionItems) = preProject
		04_Artem\readMe.txt = 04_Artem\readMe.txt
	EndProjectSection
EndProject
Project("{2150E333-8FDC-42A3-9474-1A3956D46DE8}") = "05_Eugene", "05_Eugene", "{574D8AE2-3CF2-4AC5-B558-850669DA4184}"
	ProjectSection(SolutionItems) = preProject
		05_Eugene\readMe.txt = 05_Eugene\readMe.txt
	EndProjectSection
EndProject
Project("{2150E333-8FDC-42A3-9474-1A3956D46DE8}") = "06_Jury", "06_Jury", "{79A650D6-BA91-47D1-88CE-EC002A70A94C}"
EndProject
Project("{2150E333-8FDC-42A3-9474-1A3956D46DE8}") = "07_Roman", "07_Roman", "{EC9A435A-03FF-4A1C-B66A-5643A572C7C6}"
	ProjectSection(SolutionItems) = preProject
		07_Roman\readMe.txt = 07_Roman\readMe.txt
	EndProjectSection
EndProject
Project("{2150E333-8FDC-42A3-9474-1A3956D46DE8}") = "08_Danila", "08_Danila", "{DDF8AE58-88FE-4DB5-AB48-D78BE93969F1}"
	ProjectSection(SolutionItems) = preProject
		08_Danila\01_prg.html = 08_Danila\01_prg.html
		08_Danilo\readMe.txt = 08_Danilo\readMe.txt
	EndProjectSection
EndProject
Project("{2150E333-8FDC-42A3-9474-1A3956D46DE8}") = "09_Sergei", "09_Sergei", "{E4CE2450-2BB1-4440-9BBF-34FEE661A092}"
EndProject
Project("{FAE04EC0-301F-11D3-BF4B-00C04F79EFBC}") = "02_ParityCheck", "06_Jury\02_ParityCheck\02_ParityCheck.csproj", "{BF709E5C-DD11-4F18-9993-9DE3C40598BB}"
EndProject
Project("{FAE04EC0-301F-11D3-BF4B-00C04F79EFBC}") = "01_Ping", "09_Sergei\01_Ping\01_Ping.csproj", "{B88C2F3B-71C5-4840-B425-78A4DD5E6657}"
EndProject
Project("{2150E333-8FDC-42A3-9474-1A3956D46DE8}") = "CW", "CW", "{7768E47D-6065-4302-B586-26014DD0EA0B}"
EndProject
Project("{2150E333-8FDC-42A3-9474-1A3956D46DE8}") = "002", "002", "{8007C73E-1051-4B7B-9EAF-1B7F49016D70}"
EndProject
Project("{FAE04EC0-301F-11D3-BF4B-00C04F79EFBC}") = "ConsoleTemplate", "CW\002\ConsoleTemplate\ConsoleTemplate.csproj", "{47D82EAC-0CD5-45B2-A41D-063104749887}"
EndProject
Project("{FAE04EC0-301F-11D3-BF4B-00C04F79EFBC}") = "003_Array", "CW\003\003_Array\003_Array.csproj", "{5E103080-AFC1-4393-BB60-CC2DC81C466A}"
EndProject
Project("{FAE04EC0-301F-11D3-BF4B-00C04F79EFBC}") = "03_Rectangle", "05_Eugene\03_Rectangle\03_Rectangle.csproj", "{D869010E-57A1-4979-8C27-D4911AB527B0}"
EndProject
Project("{2150E333-8FDC-42A3-9474-1A3956D46DE8}") = "003", "003", "{C0817CA3-51AA-4532-BD81-ABEFDD63505F}"
EndProject
Project("{2150E333-8FDC-42A3-9474-1A3956D46DE8}") = "001", "001", "{8F5FA19E-BAFE-4C62-9B7E-883CB47FF9AD}"
EndProject
Project("{FAE04EC0-301F-11D3-BF4B-00C04F79EFBC}") = "01_colorConsoleWrite", "CW\001\01_colorConsoleWrite\01_colorConsoleWrite.csproj", "{7879E73B-D017-4056-8DB4-34193668287D}"
EndProject
Project("{FAE04EC0-301F-11D3-BF4B-00C04F79EFBC}") = "01_FirstConsoleApp", "06_Jury\01_FirstConsoleApp\01_FirstConsoleApp.csproj", "{79D30B8F-D5F9-49A7-961A-693ADF7FCBD2}"
EndProject
Project("{FAE04EC0-301F-11D3-BF4B-00C04F79EFBC}") = "03_christmasTree", "08_Danila\03_christmasTree\03_christmasTree.csproj", "{D8493A00-36BF-4817-A9F5-2799F72E9D57}"
EndProject
Project("{FAE04EC0-301F-11D3-BF4B-00C04F79EFBC}") = "03_Task6_(Task list)", "06_Jury\03_Task6_(Task list)\03_Task6_(Task list).csproj", "{1309A919-AE01-4AF7-974A-246AADD2D892}"
EndProject
Project("{FAE04EC0-301F-11D3-BF4B-00C04F79EFBC}") = "03_Rect", "06_Jury\04_DrawingShapes\Rect\03_Rect.csproj", "{E3263167-A675-47FC-857D-4B7342A1236D}"
EndProject
Project("{FAE04EC0-301F-11D3-BF4B-00C04F79EFBC}") = "02_ParityCheck", "02_Igor\02_ParityCheck\02_ParityCheck.csproj", "{B9AD3527-94CD-412D-AE7C-B9C51BC06C4A}"
EndProject
Project("{FAE04EC0-301F-11D3-BF4B-00C04F79EFBC}") = "02_prg", "02_Igor\02_prg\02_prg.csproj", "{97F391CB-3451-4EB4-BB3E-D4E4115C5B7F}"
EndProject
Project("{FAE04EC0-301F-11D3-BF4B-00C04F79EFBC}") = "03_Calc", "03_Oleg\03_Calc\03_Calc.csproj", "{93ECD0FC-BB38-4BAF-8D54-486840040089}"
EndProject
Global
	GlobalSection(SolutionConfigurationPlatforms) = preSolution
		Debug|Any CPU = Debug|Any CPU
		Release|Any CPU = Release|Any CPU
	EndGlobalSection
	GlobalSection(ProjectConfigurationPlatforms) = postSolution
		{BF709E5C-DD11-4F18-9993-9DE3C40598BB}.Debug|Any CPU.ActiveCfg = Debug|Any CPU
		{BF709E5C-DD11-4F18-9993-9DE3C40598BB}.Debug|Any CPU.Build.0 = Debug|Any CPU
		{BF709E5C-DD11-4F18-9993-9DE3C40598BB}.Release|Any CPU.ActiveCfg = Release|Any CPU
		{BF709E5C-DD11-4F18-9993-9DE3C40598BB}.Release|Any CPU.Build.0 = Release|Any CPU
		{B88C2F3B-71C5-4840-B425-78A4DD5E6657}.Debug|Any CPU.ActiveCfg = Debug|Any CPU
		{B88C2F3B-71C5-4840-B425-78A4DD5E6657}.Debug|Any CPU.Build.0 = Debug|Any CPU
		{B88C2F3B-71C5-4840-B425-78A4DD5E6657}.Release|Any CPU.ActiveCfg = Release|Any CPU
		{B88C2F3B-71C5-4840-B425-78A4DD5E6657}.Release|Any CPU.Build.0 = Release|Any CPU
		{47D82EAC-0CD5-45B2-A41D-063104749887}.Debug|Any CPU.ActiveCfg = Debug|Any CPU
		{47D82EAC-0CD5-45B2-A41D-063104749887}.Debug|Any CPU.Build.0 = Debug|Any CPU
		{47D82EAC-0CD5-45B2-A41D-063104749887}.Release|Any CPU.ActiveCfg = Release|Any CPU
		{47D82EAC-0CD5-45B2-A41D-063104749887}.Release|Any CPU.Build.0 = Release|Any CPU
		{5E103080-AFC1-4393-BB60-CC2DC81C466A}.Debug|Any CPU.ActiveCfg = Debug|Any CPU
		{5E103080-AFC1-4393-BB60-CC2DC81C466A}.Debug|Any CPU.Build.0 = Debug|Any CPU
		{5E103080-AFC1-4393-BB60-CC2DC81C466A}.Release|Any CPU.ActiveCfg = Release|Any CPU
		{5E103080-AFC1-4393-BB60-CC2DC81C466A}.Release|Any CPU.Build.0 = Release|Any CPU
		{D869010E-57A1-4979-8C27-D4911AB527B0}.Debug|Any CPU.ActiveCfg = Debug|Any CPU
		{D869010E-57A1-4979-8C27-D4911AB527B0}.Debug|Any CPU.Build.0 = Debug|Any CPU
		{D869010E-57A1-4979-8C27-D4911AB527B0}.Release|Any CPU.ActiveCfg = Release|Any CPU
		{D869010E-57A1-4979-8C27-D4911AB527B0}.Release|Any CPU.Build.0 = Release|Any CPU
		{7879E73B-D017-4056-8DB4-34193668287D}.Debug|Any CPU.ActiveCfg = Debug|Any CPU
		{7879E73B-D017-4056-8DB4-34193668287D}.Debug|Any CPU.Build.0 = Debug|Any CPU
		{7879E73B-D017-4056-8DB4-34193668287D}.Release|Any CPU.ActiveCfg = Release|Any CPU
		{7879E73B-D017-4056-8DB4-34193668287D}.Release|Any CPU.Build.0 = Release|Any CPU
		{79D30B8F-D5F9-49A7-961A-693ADF7FCBD2}.Debug|Any CPU.ActiveCfg = Debug|Any CPU
		{79D30B8F-D5F9-49A7-961A-693ADF7FCBD2}.Debug|Any CPU.Build.0 = Debug|Any CPU
		{79D30B8F-D5F9-49A7-961A-693ADF7FCBD2}.Release|Any CPU.ActiveCfg = Release|Any CPU
		{79D30B8F-D5F9-49A7-961A-693ADF7FCBD2}.Release|Any CPU.Build.0 = Release|Any CPU
		{D8493A00-36BF-4817-A9F5-2799F72E9D57}.Debug|Any CPU.ActiveCfg = Debug|Any CPU
		{D8493A00-36BF-4817-A9F5-2799F72E9D57}.Debug|Any CPU.Build.0 = Debug|Any CPU
		{D8493A00-36BF-4817-A9F5-2799F72E9D57}.Release|Any CPU.ActiveCfg = Release|Any CPU
		{D8493A00-36BF-4817-A9F5-2799F72E9D57}.Release|Any CPU.Build.0 = Release|Any CPU
		{1309A919-AE01-4AF7-974A-246AADD2D892}.Debug|Any CPU.ActiveCfg = Debug|Any CPU
		{1309A919-AE01-4AF7-974A-246AADD2D892}.Debug|Any CPU.Build.0 = Debug|Any CPU
		{1309A919-AE01-4AF7-974A-246AADD2D892}.Release|Any CPU.ActiveCfg = Release|Any CPU
		{1309A919-AE01-4AF7-974A-246AADD2D892}.Release|Any CPU.Build.0 = Release|Any CPU
		{E3263167-A675-47FC-857D-4B7342A1236D}.Debug|Any CPU.ActiveCfg = Debug|Any CPU
		{E3263167-A675-47FC-857D-4B7342A1236D}.Debug|Any CPU.Build.0 = Debug|Any CPU
		{E3263167-A675-47FC-857D-4B7342A1236D}.Release|Any CPU.ActiveCfg = Release|Any CPU
		{E3263167-A675-47FC-857D-4B7342A1236D}.Release|Any CPU.Build.0 = Release|Any CPU
		{B9AD3527-94CD-412D-AE7C-B9C51BC06C4A}.Debug|Any CPU.ActiveCfg = Debug|Any CPU
		{B9AD3527-94CD-412D-AE7C-B9C51BC06C4A}.Debug|Any CPU.Build.0 = Debug|Any CPU
		{B9AD3527-94CD-412D-AE7C-B9C51BC06C4A}.Release|Any CPU.ActiveCfg = Release|Any CPU
		{B9AD3527-94CD-412D-AE7C-B9C51BC06C4A}.Release|Any CPU.Build.0 = Release|Any CPU
		{97F391CB-3451-4EB4-BB3E-D4E4115C5B7F}.Debug|Any CPU.ActiveCfg = Debug|Any CPU
		{97F391CB-3451-4EB4-BB3E-D4E4115C5B7F}.Debug|Any CPU.Build.0 = Debug|Any CPU
		{97F391CB-3451-4EB4-BB3E-D4E4115C5B7F}.Release|Any CPU.ActiveCfg = Release|Any CPU
		{97F391CB-3451-4EB4-BB3E-D4E4115C5B7F}.Release|Any CPU.Build.0 = Release|Any CPU
		{93ECD0FC-BB38-4BAF-8D54-486840040089}.Debug|Any CPU.ActiveCfg = Debug|Any CPU
		{93ECD0FC-BB38-4BAF-8D54-486840040089}.Debug|Any CPU.Build.0 = Debug|Any CPU
		{93ECD0FC-BB38-4BAF-8D54-486840040089}.Release|Any CPU.ActiveCfg = Release|Any CPU
		{93ECD0FC-BB38-4BAF-8D54-486840040089}.Release|Any CPU.Build.0 = Release|Any CPU
	EndGlobalSection
	GlobalSection(SolutionProperties) = preSolution
		HideSolutionNode = FALSE
	EndGlobalSection
	GlobalSection(NestedProjects) = preSolution
		{BF709E5C-DD11-4F18-9993-9DE3C40598BB} = {79A650D6-BA91-47D1-88CE-EC002A70A94C}
		{B88C2F3B-71C5-4840-B425-78A4DD5E6657} = {E4CE2450-2BB1-4440-9BBF-34FEE661A092}
		{8007C73E-1051-4B7B-9EAF-1B7F49016D70} = {7768E47D-6065-4302-B586-26014DD0EA0B}
		{47D82EAC-0CD5-45B2-A41D-063104749887} = {8007C73E-1051-4B7B-9EAF-1B7F49016D70}
		{5E103080-AFC1-4393-BB60-CC2DC81C466A} = {C0817CA3-51AA-4532-BD81-ABEFDD63505F}
		{D869010E-57A1-4979-8C27-D4911AB527B0} = {574D8AE2-3CF2-4AC5-B558-850669DA4184}
		{C0817CA3-51AA-4532-BD81-ABEFDD63505F} = {7768E47D-6065-4302-B586-26014DD0EA0B}
		{8F5FA19E-BAFE-4C62-9B7E-883CB47FF9AD} = {7768E47D-6065-4302-B586-26014DD0EA0B}
		{7879E73B-D017-4056-8DB4-34193668287D} = {8F5FA19E-BAFE-4C62-9B7E-883CB47FF9AD}
		{79D30B8F-D5F9-49A7-961A-693ADF7FCBD2} = {79A650D6-BA91-47D1-88CE-EC002A70A94C}
		{D8493A00-36BF-4817-A9F5-2799F72E9D57} = {DDF8AE58-88FE-4DB5-AB48-D78BE93969F1}
		{1309A919-AE01-4AF7-974A-246AADD2D892} = {79A650D6-BA91-47D1-88CE-EC002A70A94C}
		{E3263167-A675-47FC-857D-4B7342A1236D} = {79A650D6-BA91-47D1-88CE-EC002A70A94C}
		{B9AD3527-94CD-412D-AE7C-B9C51BC06C4A} = {1680F505-0533-4DF0-9A62-B617A5D6FAF0}
		{97F391CB-3451-4EB4-BB3E-D4E4115C5B7F} = {1680F505-0533-4DF0-9A62-B617A5D6FAF0}
		{93ECD0FC-BB38-4BAF-8D54-486840040089} = {1E5F935B-DC63-439B-BFE0-A5154DB54DBA}
	EndGlobalSection
EndGlobal
